
Microsoft Visual Studio Solution File, Format Version 12.00
# Visual Studio Version 17
VisualStudioVersion = 17.14.36414.22 d17.14
MinimumVisualStudioVersion = 10.0.40219.1
Project("{FAE04EC0-301F-11D3-BF4B-00C04F79EFBC}") = "BaiTap4_WindowsForm", "BaiTap4_WindowsForm\BaiTap4_WindowsForm.csproj", "{CF8FF183-1F13-4CD4-8386-177CA050085C}"
EndProject
Global
	GlobalSection(SolutionConfigurationPlatforms) = preSolution
		Debug|Any CPU = Debug|Any CPU
		Release|Any CPU = Release|Any CPU
	EndGlobalSection
	GlobalSection(ProjectConfigurationPlatforms) = postSolution
		{CF8FF183-1F13-4CD4-8386-177CA050085C}.Debug|Any CPU.ActiveCfg = Debug|Any CPU
		{CF8FF183-1F13-4CD4-8386-177CA050085C}.Debug|Any CPU.Build.0 = Debug|Any CPU
		{CF8FF183-1F13-4CD4-8386-177CA050085C}.Release|Any CPU.ActiveCfg = Release|Any CPU
		{CF8FF183-1F13-4CD4-8386-177CA050085C}.Release|Any CPU.Build.0 = Release|Any CPU
	EndGlobalSection
	GlobalSection(SolutionProperties) = preSolution
		HideSolutionNode = FALSE
	EndGlobalSection
	GlobalSection(ExtensibilityGlobals) = postSolution
		SolutionGuid = {24D2C317-5FC2-475E-AACA-F279331D7F13}
	EndGlobalSection
EndGlobal
